# This file is autogenerated, do not edit; changes may be undone by the next 'dep ensure'.


[[projects]]
  branch = "master"
  digest = "1:5ca066d41f266380e60f39cc27946255f4a98a56e1c6062d24b0a5c6fae34b5e"
  name = "github.com/cobaugh/osrelease"
  packages = ["."]
  pruneopts = "UT"
  revision = "a93a0a55a24912e113e21f81971dc7248de7f6e2"

[[projects]]
  digest = "1:950caca7dfcf796419232ba996c9c3539d09f26af27ba848c4508e604c13efbb"
  name = "github.com/hashicorp/go-version"
  packages = ["."]
  pruneopts = "UT"
  revision = "d40cf49b3a77bba84a7afdbd7f1dc295d114efb1"
  version = "v1.1.0"

[solve-meta]
  analyzer-name = "dep"
  analyzer-version = 1
  input-imports = [
    "github.com/cobaugh/osrelease",
    "github.com/hashicorp/go-version",
  ]
  solver-name = "gps-cdcl"
  solver-version = 1
